{
  "name": "paperlesspaper-integration-constellations-in-the-sky",
  "version": "0.2.0",
  "lockfileVersion": 3,
  "requires": true,
  "packages": {
    "": {
      "name": "paperlesspaper-integration-constellations-in-the-sky",
      "version": "0.2.0",
      "hasInstallScript": true,
      "dependencies": {
        "@paperlesspaper/virtualsky": "file:./vendor/virtualsky"
      }
    },
    "node_modules/@paperlesspaper/virtualsky": {
      "resolved": "vendor/virtualsky",
      "link": true
    },
    "vendor/virtualsky": {
      "name": "@paperlesspaper/virtualsky",
      "version": "0.7.7-paperlesspaper.0",
      "license": "SEE README.md"
    }
  }
}
